version = 1
requires-python = ">=3.12"

[[package]]
name = "bitarray"
version = "3.0.0"
source = { registry = "https://pypi.org/simple" }
sdist = { url = "https://files.pythonhosted.org/packages/85/62/dcfac53d22ef7e904ed10a8e710a36391d2d6753c34c869b51bfc5e4ad54/bitarray-3.0.0.tar.gz", hash = "sha256:a2083dc20f0d828a7cdf7a16b20dae56aab0f43dc4f347a3b3039f6577992b03", size = 126627 }
wheels = [
    { url = "https://files.pythonhosted.org/packages/4e/2e/2e4beb2b714dc83a9e90ac0e4bacb1a191c71125734f72962ee2a20b9cfb/bitarray-3.0.0-cp312-cp312-macosx_10_13_universal2.whl", hash = "sha256:184972c96e1c7e691be60c3792ca1a51dd22b7f25d96ebea502fe3c9b554f25d", size = 172152 },
    { url = "https://files.pythonhosted.org/packages/e0/1f/9ec96408c060ffc3df5ba64d2b520fd0484cb3393a96691df8f660a43b17/bitarray-3.0.0-cp312-cp312-macosx_10_13_x86_64.whl", hash = "sha256:787db8da5e9e29be712f7a6bce153c7bc8697ccc2c38633e347bb9c82475d5c9", size = 123319 },
    { url = "https://files.pythonhosted.org/packages/80/9f/4dd05086308bfcc84ad88c663460a8ad9f5f638f9f96eb5fa08381054db6/bitarray-3.0.0-cp312-cp312-macosx_11_0_arm64.whl", hash = "sha256:2da91ab3633c66999c2a352f0ca9ae064f553e5fc0eca231d28e7e305b83e942", size = 121242 },
    { url = "https://files.pythonhosted.org/packages/55/bb/8865b7380e9d20445bc775079f24f2279a8c0d9ee11d57c49b118d39beaf/bitarray-3.0.0-cp312-cp312-manylinux_2_17_aarch64.manylinux2014_aarch64.whl", hash = "sha256:7edb83089acbf2c86c8002b96599071931dc4ea5e1513e08306f6f7df879a48b", size = 287463 },
    { url = "https://files.pythonhosted.org/packages/db/8b/779119ee438090a80cbfaa49f96e783651183ab4c25b9760fe360aa7cb31/bitarray-3.0.0-cp312-cp312-manylinux_2_17_ppc64le.manylinux2014_ppc64le.whl", hash = "sha256:996d1b83eb904589f40974538223eaed1ab0f62be8a5105c280b9bd849e685c4", size = 301599 },
    { url = "https://files.pythonhosted.org/packages/41/25/78f7ba7fa8ab428767dfb722fc1ea9aac4a9813e348023d8047d8fd32253/bitarray-3.0.0-cp312-cp312-manylinux_2_17_s390x.manylinux2014_s390x.whl", hash = "sha256:4817d73d995bd2b977d9cde6050be8d407791cf1f84c8047fa0bea88c1b815bc", size = 304837 },
    { url = "https://files.pythonhosted.org/packages/f7/8d/30a448d3157b4239e635c92fc3b3789a5b87784875ca2776f65bd543d136/bitarray-3.0.0-cp312-cp312-manylinux_2_17_x86_64.manylinux2014_x86_64.whl", hash = "sha256:3d47bc4ff9b0e1624d613563c6fa7b80aebe7863c56c3df5ab238bb7134e8755", size = 288588 },
    { url = "https://files.pythonhosted.org/packages/86/e0/c1f1b595682244f55119d55f280b5a996bcd462b702ec220d976a7566d27/bitarray-3.0.0-cp312-cp312-manylinux_2_5_i686.manylinux1_i686.manylinux_2_17_i686.manylinux2014_i686.whl", hash = "sha256:aca0a9cd376beaccd9f504961de83e776dd209c2de5a4c78dc87a78edf61839b", size = 279002 },
    { url = "https://files.pythonhosted.org/packages/5c/4d/a17626923ad2c9d20ed1625fc5b27a8dfe2d1a3e877083e9422455ec302d/bitarray-3.0.0-cp312-cp312-musllinux_1_2_aarch64.whl", hash = "sha256:572a61fba7e3a710a8324771322fba8488d134034d349dcd036a7aef74723a80", size = 281898 },
    { url = "https://files.pythonhosted.org/packages/50/d8/5c410580a510e669d9a28bf17675e58843236c55c60fc6dc8f8747808757/bitarray-3.0.0-cp312-cp312-musllinux_1_2_i686.whl", hash = "sha256:a817ad70c1aff217530576b4f037dd9b539eb2926603354fcac605d824082ad1", size = 274622 },
    { url = "https://files.pythonhosted.org/packages/e7/21/de2e8eda85c5f6a05bda75a00c22c94aee71ef09db0d5cbf22446de74312/bitarray-3.0.0-cp312-cp312-musllinux_1_2_ppc64le.whl", hash = "sha256:2ac67b658fa5426503e9581a3fb44a26a3b346c1abd17105735f07db572195b3", size = 296930 },
    { url = "https://files.pythonhosted.org/packages/13/7b/7cfad12d77db2932fb745fa281693b0031c3dfd7f2ecf5803be688cc3798/bitarray-3.0.0-cp312-cp312-musllinux_1_2_s390x.whl", hash = "sha256:12f19ede03e685c5c588ab5ed63167999295ffab5e1126c5fe97d12c0718c18f", size = 309836 },
    { url = "https://files.pythonhosted.org/packages/53/e1/5120fbb8438a0d718e063f70168a2975e03f00ce6b86e74b8eec079cb492/bitarray-3.0.0-cp312-cp312-musllinux_1_2_x86_64.whl", hash = "sha256:fcef31b062f756ba7eebcd7890c5d5de84b9d64ee877325257bcc9782288564a", size = 281535 },
    { url = "https://files.pythonhosted.org/packages/73/75/8acebbbb4f85dcca73b8e91dde5d3e1e3e2317b36fae4f5b133c60720834/bitarray-3.0.0-cp312-cp312-win32.whl", hash = "sha256:656db7bdf1d81ec3b57b3cad7ec7276765964bcfd0eb81c5d1331f385298169c", size = 114423 },
    { url = "https://files.pythonhosted.org/packages/ca/56/dadae4d4351b337de6e0269001fb40f3ebe9f72222190456713d2c1be53d/bitarray-3.0.0-cp312-cp312-win_amd64.whl", hash = "sha256:f785af6b7cb07a9b1e5db0dea9ef9e3e8bb3d74874a0a61303eab9c16acc1999", size = 121680 },
    { url = "https://files.pythonhosted.org/packages/4f/30/07d7be4624981537d32b261dc48a16b03757cc9d88f66012d93acaf11663/bitarray-3.0.0-cp313-cp313-macosx_10_13_universal2.whl", hash = "sha256:7cb885c043000924554fe2124d13084c8fdae03aec52c4086915cd4cb87fe8be", size = 172147 },
    { url = "https://files.pythonhosted.org/packages/f0/e9/be1fa2828bad9cb32e1309e6dbd05adcc41679297d9e96bbb372be928e38/bitarray-3.0.0-cp313-cp313-macosx_10_13_x86_64.whl", hash = "sha256:7814c9924a0b30ecd401f02f082d8697fc5a5be3f8d407efa6e34531ff3c306a", size = 123319 },
    { url = "https://files.pythonhosted.org/packages/22/28/33601d276a6eb76e40fe8a61c61f59cc9ff6d9ecf0b676235c02689475b8/bitarray-3.0.0-cp313-cp313-macosx_11_0_arm64.whl", hash = "sha256:bcf524a087b143ba736aebbb054bb399d49e77cf7c04ed24c728e411adc82bfa", size = 121236 },
    { url = "https://files.pythonhosted.org/packages/85/d3/f36b213ffae8f9c8e4c6f12a91e18c06570a04f42d5a1bda4303380f2639/bitarray-3.0.0-cp313-cp313-manylinux_2_17_aarch64.manylinux2014_aarch64.whl", hash = "sha256:d1d5abf1d6d910599ac16afdd9a0ed3e24f3b46af57f3070cf2792f236f36e0b", size = 287395 },
    { url = "https://files.pythonhosted.org/packages/b7/1a/2da3b00d876883b05ffd3be9b1311858b48d4a26579f8647860e271c5385/bitarray-3.0.0-cp313-cp313-manylinux_2_17_ppc64le.manylinux2014_ppc64le.whl", hash = "sha256:9929051feeaf8d948cc0b1c9ce57748079a941a1a15c89f6014edf18adaade84", size = 301501 },
    { url = "https://files.pythonhosted.org/packages/88/b9/c1b5af8d1c918f1ee98748f7f7270f932f531c2259dd578c0edcf16ec73e/bitarray-3.0.0-cp313-cp313-manylinux_2_17_s390x.manylinux2014_s390x.whl", hash = "sha256:96cf0898f8060b2d3ae491762ae871b071212ded97ff9e1e3a5229e9fefe544c", size = 304804 },
    { url = "https://files.pythonhosted.org/packages/92/24/81a10862856419638c0db13e04de7cbf19938353517a67e4848c691f0b7c/bitarray-3.0.0-cp313-cp313-manylinux_2_17_x86_64.manylinux2014_x86_64.whl", hash = "sha256:ab37da66a8736ad5a75a58034180e92c41e864da0152b84e71fcc253a2f69cd4", size = 288507 },
    { url = "https://files.pythonhosted.org/packages/da/70/a093af92ef7b207a59087e3b5819e03767fbdda9dd56aada3a4ee25a1fbd/bitarray-3.0.0-cp313-cp313-manylinux_2_5_i686.manylinux1_i686.manylinux_2_17_i686.manylinux2014_i686.whl", hash = "sha256:beeb79e476d19b91fd6a3439853e4e5ba1b3b475920fa40d62bde719c8af786f", size = 278905 },
    { url = "https://files.pythonhosted.org/packages/fb/40/0925c6079c4b282b16eb9085f82df0cdf1f787fb4c67fd4baca3e37acf7f/bitarray-3.0.0-cp313-cp313-musllinux_1_2_aarch64.whl", hash = "sha256:f75fc0198c955d840b836059bd43e0993edbf119923029ca60c4fc017cefa54a", size = 281909 },
    { url = "https://files.pythonhosted.org/packages/61/4b/e11754a5d34cb997250d8019b1fe555d4c06fe2d2a68b0bf7c5580537046/bitarray-3.0.0-cp313-cp313-musllinux_1_2_i686.whl", hash = "sha256:f12cc7c7638074918cdcc7491aff897df921b092ffd877227892d2686e98f876", size = 274711 },
    { url = "https://files.pythonhosted.org/packages/5b/78/39513f75423959ee2d82a82e10296b6a7bc7d880b16d714980a6752ef33b/bitarray-3.0.0-cp313-cp313-musllinux_1_2_ppc64le.whl", hash = "sha256:dbe1084935b942fab206e609fa1ed3f46ad1f2612fb4833e177e9b2a5e006c96", size = 297038 },
    { url = "https://files.pythonhosted.org/packages/af/a2/5cb81f8773a479de7c06cc1ada36d5cc5a8ebcd8715013e1c4e01a76e84a/bitarray-3.0.0-cp313-cp313-musllinux_1_2_s390x.whl", hash = "sha256:ac06dd72ee1e1b6e312504d06f75220b5894af1fb58f0c20643698f5122aea76", size = 309814 },
    { url = "https://files.pythonhosted.org/packages/03/3e/795b57c6f6eea61c47d0716e1d60219218028b1f260f7328802eac684964/bitarray-3.0.0-cp313-cp313-musllinux_1_2_x86_64.whl", hash = "sha256:00f9a88c56e373009ac3c73c55205cfbd9683fbd247e2f9a64bae3da78795252", size = 281564 },
    { url = "https://files.pythonhosted.org/packages/f6/31/5914002ae4dd0e0079f8bccfd0647119cff364280d106108a19bd2511933/bitarray-3.0.0-cp313-cp313-win32.whl", hash = "sha256:9c6e52005e91803eb4e08c0a08a481fb55ddce97f926bae1f6fa61b3396b5b61", size = 114404 },
    { url = "https://files.pythonhosted.org/packages/76/0a/184f85a1739db841ae8fbb1d9ec028240d5a351e36abec9cd020de889dab/bitarray-3.0.0-cp313-cp313-win_amd64.whl", hash = "sha256:cb98d5b6eac4b2cf2a5a69f60a9c499844b8bea207059e9fc45c752436e6bb49", size = 121672 },
]

[[package]]
name = "boto3"
version = "1.35.94"
source = { registry = "https://pypi.org/simple" }
dependencies = [
    { name = "botocore" },
    { name = "jmespath" },
    { name = "s3transfer" },
]
sdist = { url = "https://files.pythonhosted.org/packages/72/3a/7f29bedc53197c0cdcde055bf17336b43fd392d1a4e7a1780b1cbc93c33b/boto3-1.35.94.tar.gz", hash = "sha256:5aa606239f0fe0dca0506e0ad6bbe4c589048e7e6c2486cee5ec22b6aa7ec2f8", size = 111032 }
wheels = [
    { url = "https://files.pythonhosted.org/packages/bc/92/feef9296bfa54335a30c19ff4dcfffc6a76601da1f9b6380962df92d0ac3/boto3-1.35.94-py3-none-any.whl", hash = "sha256:516c514fb447d6f216833d06a0781c003fcf43099a4ca2f5a363a8afe0942070", size = 139179 },
]

[[package]]
name = "botocore"
version = "1.35.94"
source = { registry = "https://pypi.org/simple" }
dependencies = [
    { name = "jmespath" },
    { name = "python-dateutil" },
    { name = "urllib3" },
]
sdist = { url = "https://files.pythonhosted.org/packages/7b/ea/2eb76e0b7d961fec47e60ace1e3f6c84462f448e10576ee807133294e60f/botocore-1.35.94.tar.gz", hash = "sha256:2b3309b356541faa4d88bb957dcac1d8004aa44953c0b7d4521a6cc5d3d5d6ba", size = 13487825 }
wheels = [
    { url = "https://files.pythonhosted.org/packages/d1/96/beed2b47b1739e5c7637ae4d7ee0e524e480135dfdc398b46cb84c004b99/botocore-1.35.94-py3-none-any.whl", hash = "sha256:d784d944865d8279c79d2301fc09ac28b5221d4e7328fb4e23c642c253b9932c", size = 13288888 },
]

[[package]]
name = "cffi"
version = "1.17.1"
source = { registry = "https://pypi.org/simple" }
dependencies = [
    { name = "pycparser" },
]
sdist = { url = "https://files.pythonhosted.org/packages/fc/97/c783634659c2920c3fc70419e3af40972dbaf758daa229a7d6ea6135c90d/cffi-1.17.1.tar.gz", hash = "sha256:1c39c6016c32bc48dd54561950ebd6836e1670f2ae46128f67cf49e789c52824", size = 516621 }
wheels = [
    { url = "https://files.pythonhosted.org/packages/5a/84/e94227139ee5fb4d600a7a4927f322e1d4aea6fdc50bd3fca8493caba23f/cffi-1.17.1-cp312-cp312-macosx_10_9_x86_64.whl", hash = "sha256:805b4371bf7197c329fcb3ead37e710d1bca9da5d583f5073b799d5c5bd1eee4", size = 183178 },
    { url = "https://files.pythonhosted.org/packages/da/ee/fb72c2b48656111c4ef27f0f91da355e130a923473bf5ee75c5643d00cca/cffi-1.17.1-cp312-cp312-macosx_11_0_arm64.whl", hash = "sha256:733e99bc2df47476e3848417c5a4540522f234dfd4ef3ab7fafdf555b082ec0c", size = 178840 },
    { url = "https://files.pythonhosted.org/packages/cc/b6/db007700f67d151abadf508cbfd6a1884f57eab90b1bb985c4c8c02b0f28/cffi-1.17.1-cp312-cp312-manylinux_2_12_i686.manylinux2010_i686.manylinux_2_17_i686.manylinux2014_i686.whl", hash = "sha256:1257bdabf294dceb59f5e70c64a3e2f462c30c7ad68092d01bbbfb1c16b1ba36", size = 454803 },
    { url = "https://files.pythonhosted.org/packages/1a/df/f8d151540d8c200eb1c6fba8cd0dfd40904f1b0682ea705c36e6c2e97ab3/cffi-1.17.1-cp312-cp312-manylinux_2_17_aarch64.manylinux2014_aarch64.whl", hash = "sha256:da95af8214998d77a98cc14e3a3bd00aa191526343078b530ceb0bd710fb48a5", size = 478850 },
    { url = "https://files.pythonhosted.org/packages/28/c0/b31116332a547fd2677ae5b78a2ef662dfc8023d67f41b2a83f7c2aa78b1/cffi-1.17.1-cp312-cp312-manylinux_2_17_ppc64le.manylinux2014_ppc64le.whl", hash = "sha256:d63afe322132c194cf832bfec0dc69a99fb9bb6bbd550f161a49e9e855cc78ff", size = 485729 },
    { url = "https://files.pythonhosted.org/packages/91/2b/9a1ddfa5c7f13cab007a2c9cc295b70fbbda7cb10a286aa6810338e60ea1/cffi-1.17.1-cp312-cp312-manylinux_2_17_s390x.manylinux2014_s390x.whl", hash = "sha256:f79fc4fc25f1c8698ff97788206bb3c2598949bfe0fef03d299eb1b5356ada99", size = 471256 },
    { url = "https://files.pythonhosted.org/packages/b2/d5/da47df7004cb17e4955df6a43d14b3b4ae77737dff8bf7f8f333196717bf/cffi-1.17.1-cp312-cp312-manylinux_2_17_x86_64.manylinux2014_x86_64.whl", hash = "sha256:b62ce867176a75d03a665bad002af8e6d54644fad99a3c70905c543130e39d93", size = 479424 },
    { url = "https://files.pythonhosted.org/packages/0b/ac/2a28bcf513e93a219c8a4e8e125534f4f6db03e3179ba1c45e949b76212c/cffi-1.17.1-cp312-cp312-musllinux_1_1_aarch64.whl", hash = "sha256:386c8bf53c502fff58903061338ce4f4950cbdcb23e2902d86c0f722b786bbe3", size = 484568 },
    { url = "https://files.pythonhosted.org/packages/d4/38/ca8a4f639065f14ae0f1d9751e70447a261f1a30fa7547a828ae08142465/cffi-1.17.1-cp312-cp312-musllinux_1_1_x86_64.whl", hash = "sha256:4ceb10419a9adf4460ea14cfd6bc43d08701f0835e979bf821052f1805850fe8", size = 488736 },
    { url = "https://files.pythonhosted.org/packages/86/c5/28b2d6f799ec0bdecf44dced2ec5ed43e0eb63097b0f58c293583b406582/cffi-1.17.1-cp312-cp312-win32.whl", hash = "sha256:a08d7e755f8ed21095a310a693525137cfe756ce62d066e53f502a83dc550f65", size = 172448 },
    { url = "https://files.pythonhosted.org/packages/50/b9/db34c4755a7bd1cb2d1603ac3863f22bcecbd1ba29e5ee841a4bc510b294/cffi-1.17.1-cp312-cp312-win_amd64.whl", hash = "sha256:51392eae71afec0d0c8fb1a53b204dbb3bcabcb3c9b807eedf3e1e6ccf2de903", size = 181976 },
    { url = "https://files.pythonhosted.org/packages/8d/f8/dd6c246b148639254dad4d6803eb6a54e8c85c6e11ec9df2cffa87571dbe/cffi-1.17.1-cp313-cp313-macosx_10_13_x86_64.whl", hash = "sha256:f3a2b4222ce6b60e2e8b337bb9596923045681d71e5a082783484d845390938e", size = 182989 },
    { url = "https://files.pythonhosted.org/packages/8b/f1/672d303ddf17c24fc83afd712316fda78dc6fce1cd53011b839483e1ecc8/cffi-1.17.1-cp313-cp313-macosx_11_0_arm64.whl", hash = "sha256:0984a4925a435b1da406122d4d7968dd861c1385afe3b45ba82b750f229811e2", size = 178802 },
    { url = "https://files.pythonhosted.org/packages/0e/2d/eab2e858a91fdff70533cab61dcff4a1f55ec60425832ddfdc9cd36bc8af/cffi-1.17.1-cp313-cp313-manylinux_2_12_i686.manylinux2010_i686.manylinux_2_17_i686.manylinux2014_i686.whl", hash = "sha256:d01b12eeeb4427d3110de311e1774046ad344f5b1a7403101878976ecd7a10f3", size = 454792 },
    { url = "https://files.pythonhosted.org/packages/75/b2/fbaec7c4455c604e29388d55599b99ebcc250a60050610fadde58932b7ee/cffi-1.17.1-cp313-cp313-manylinux_2_17_aarch64.manylinux2014_aarch64.whl", hash = "sha256:706510fe141c86a69c8ddc029c7910003a17353970cff3b904ff0686a5927683", size = 478893 },
    { url = "https://files.pythonhosted.org/packages/4f/b7/6e4a2162178bf1935c336d4da8a9352cccab4d3a5d7914065490f08c0690/cffi-1.17.1-cp313-cp313-manylinux_2_17_ppc64le.manylinux2014_ppc64le.whl", hash = "sha256:de55b766c7aa2e2a3092c51e0483d700341182f08e67c63630d5b6f200bb28e5", size = 485810 },
    { url = "https://files.pythonhosted.org/packages/c7/8a/1d0e4a9c26e54746dc08c2c6c037889124d4f59dffd853a659fa545f1b40/cffi-1.17.1-cp313-cp313-manylinux_2_17_s390x.manylinux2014_s390x.whl", hash = "sha256:c59d6e989d07460165cc5ad3c61f9fd8f1b4796eacbd81cee78957842b834af4", size = 471200 },
    { url = "https://files.pythonhosted.org/packages/26/9f/1aab65a6c0db35f43c4d1b4f580e8df53914310afc10ae0397d29d697af4/cffi-1.17.1-cp313-cp313-manylinux_2_17_x86_64.manylinux2014_x86_64.whl", hash = "sha256:dd398dbc6773384a17fe0d3e7eeb8d1a21c2200473ee6806bb5e6a8e62bb73dd", size = 479447 },
    { url = "https://files.pythonhosted.org/packages/5f/e4/fb8b3dd8dc0e98edf1135ff067ae070bb32ef9d509d6cb0f538cd6f7483f/cffi-1.17.1-cp313-cp313-musllinux_1_1_aarch64.whl", hash = "sha256:3edc8d958eb099c634dace3c7e16560ae474aa3803a5df240542b305d14e14ed", size = 484358 },
    { url = "https://files.pythonhosted.org/packages/f1/47/d7145bf2dc04684935d57d67dff9d6d795b2ba2796806bb109864be3a151/cffi-1.17.1-cp313-cp313-musllinux_1_1_x86_64.whl", hash = "sha256:72e72408cad3d5419375fc87d289076ee319835bdfa2caad331e377589aebba9", size = 488469 },
    { url = "https://files.pythonhosted.org/packages/bf/ee/f94057fa6426481d663b88637a9a10e859e492c73d0384514a17d78ee205/cffi-1.17.1-cp313-cp313-win32.whl", hash = "sha256:e03eab0a8677fa80d646b5ddece1cbeaf556c313dcfac435ba11f107ba117b5d", size = 172475 },
    { url = "https://files.pythonhosted.org/packages/7c/fc/6a8cb64e5f0324877d503c854da15d76c1e50eb722e320b15345c4d0c6de/cffi-1.17.1-cp313-cp313-win_amd64.whl", hash = "sha256:f6a16c31041f09ead72d69f583767292f750d24913dadacf5756b966aacb3f1a", size = 182009 },
]

[[package]]
name = "jmespath"
version = "1.0.1"
source = { registry = "https://pypi.org/simple" }
sdist = { url = "https://files.pythonhosted.org/packages/00/2a/e867e8531cf3e36b41201936b7fa7ba7b5702dbef42922193f05c8976cd6/jmespath-1.0.1.tar.gz", hash = "sha256:90261b206d6defd58fdd5e85f478bf633a2901798906be2ad389150c5c60edbe", size = 25843 }
wheels = [
    { url = "https://files.pythonhosted.org/packages/31/b4/b9b800c45527aadd64d5b442f9b932b00648617eb5d63d2c7a6587b7cafc/jmespath-1.0.1-py3-none-any.whl", hash = "sha256:02e2e4cc71b5bcab88332eebf907519190dd9e6e82107fa7f83b1003a6252980", size = 20256 },
]

[[package]]
name = "libnacl"
version = "2.1.0"
source = { registry = "https://pypi.org/simple" }
sdist = { url = "https://files.pythonhosted.org/packages/df/fc/65daa1a3fd7dd939133c30c6d393ea47e32317d2195619923b67daa29d60/libnacl-2.1.0.tar.gz", hash = "sha256:f3418da7df29e6d9b11fd7d990289d16397dc1020e4e35192e11aee826922860", size = 42189 }
wheels = [
    { url = "https://files.pythonhosted.org/packages/ad/ce/85fa0276de7303b44fef63e07c14d618b8630bbe41c7dd7e34db246eab8d/libnacl-2.1.0-py3-none-any.whl", hash = "sha256:a8546b221afe8b72b6a9f298cd92a4c1f90570d7b5baa295acb1913644e230a5", size = 21870 },
]

[[package]]
name = "mysql-connector-python"
version = "9.1.0"
source = { registry = "https://pypi.org/simple" }
sdist = { url = "https://files.pythonhosted.org/packages/d7/c7/d7adba0a87d34c56ce2e8c35f9965df860a087a03e9651039f7916abd483/mysql-connector-python-9.1.0.tar.gz", hash = "sha256:346261a2aeb743a39cf66ba8bde5e45931d313b76ce0946a69a6d1187ec7d279", size = 307529 }
wheels = [
    { url = "https://files.pythonhosted.org/packages/b0/76/4b28bf024ba99a05cba78745e231e24f6d2a9b63a1cfeba7c36a69cbd077/mysql_connector_python-9.1.0-cp312-cp312-macosx_13_0_arm64.whl", hash = "sha256:f67b22e3eaf5b03ffac97232d3dd67b56abcacad907ad4391c847bad5ba58f0e", size = 15141453 },
    { url = "https://files.pythonhosted.org/packages/58/38/0fb13631332a59509eb7725a87b90dfd811bf82d7257d34484346a87f937/mysql_connector_python-9.1.0-cp312-cp312-macosx_13_0_x86_64.whl", hash = "sha256:c75f674a52b8820c90d466183b2bb59f89bcf09d17ebe9b391313d89565c8896", size = 15967485 },
    { url = "https://files.pythonhosted.org/packages/d6/bf/3973681fc3714c8b4372903997ca50e9cce9eb489f0fdfce415be4cf70a5/mysql_connector_python-9.1.0-cp312-cp312-manylinux_2_28_aarch64.whl", hash = "sha256:e75ecb3df2c2cbe4d92d5dd58a318fa708edebc0fa2d850fc2a9d42481dbb808", size = 34065410 },
    { url = "https://files.pythonhosted.org/packages/61/a6/a322e8a7dd8daf6a2006828d4848d0b33fb627703635ee23b2278033c50b/mysql_connector_python-9.1.0-cp312-cp312-manylinux_2_28_x86_64.whl", hash = "sha256:7d99c0a841a2c2a0e4d5b28376c1bfac794ec3821b66eb6fa2f7702cec820ee8", size = 34412287 },
    { url = "https://files.pythonhosted.org/packages/4e/81/a4f21984691021749888aadc41f27b4c393884fa1d163c64979d408cf795/mysql_connector_python-9.1.0-cp312-cp312-win_amd64.whl", hash = "sha256:30a8f0ba84f8adf15a4877e80b3f97f786ce35616d918b9310578a2bd22952d5", size = 16059360 },
    { url = "https://files.pythonhosted.org/packages/39/e5/4f08a4a7f574f5700b3118c084085c6d977ba06941c8837e89e25dc1c5d3/mysql_connector_python-9.1.0-cp313-cp313-macosx_13_0_arm64.whl", hash = "sha256:d627ebafc0327b935d8783454e7a4b5c32324ed39a2a1589239490ab850bf7d7", size = 15141401 },
    { url = "https://files.pythonhosted.org/packages/c4/dc/b39956f85ba4fd89abfcce0dbb00e65cc22a193fa2e95c7816acee6009eb/mysql_connector_python-9.1.0-cp313-cp313-macosx_13_0_x86_64.whl", hash = "sha256:e26a08a9500407fa8f4a6504f7077d1312bec4fa52cb0a58c1ad324ca1f3eeaa", size = 15967428 },
    { url = "https://files.pythonhosted.org/packages/6c/f2/98ecd7fdca742deeda783b9ac3c5a7a57fd2e2fccbb920308eb2f2a962af/mysql_connector_python-9.1.0-cp313-cp313-manylinux_2_28_aarch64.whl", hash = "sha256:109e17a4ada1442e3881a51e2bbabcb336ad229a619ac61e9ad24bd6b9b117bd", size = 34065528 },
    { url = "https://files.pythonhosted.org/packages/93/db/4d1e501f5eeb4e43aed8b622139d2350cfa049aaf2f8c5662fe0ba446f04/mysql_connector_python-9.1.0-cp313-cp313-manylinux_2_28_x86_64.whl", hash = "sha256:4f102452c64332b7e042fa37b84d4f15332bd639e479d15035f2a005fb9fbb34", size = 34412450 },
    { url = "https://files.pythonhosted.org/packages/1e/fc/62adbf3495c0e6a7d0a7cdf9a9276651dd8f2f31fda98b8283172fae9736/mysql_connector_python-9.1.0-cp313-cp313-win_amd64.whl", hash = "sha256:25e261f3260ec798c48cb910862a299e565548a1b5421dec84315ddbc9ef28c4", size = 16059353 },
    { url = "https://files.pythonhosted.org/packages/ac/7e/5546cf19c8d0724e962e8be1a5d1e7491f634df550bf9da073fb6c2b93a1/mysql_connector_python-9.1.0-py2.py3-none-any.whl", hash = "sha256:dacf1aa84dc7dd8ae908626c3ae50fce956d0105130c7465fd248a4f035d50b1", size = 381081 },
]

[[package]]
name = "pycparser"
version = "2.22"
source = { registry = "https://pypi.org/simple" }
sdist = { url = "https://files.pythonhosted.org/packages/1d/b2/31537cf4b1ca988837256c910a668b553fceb8f069bedc4b1c826024b52c/pycparser-2.22.tar.gz", hash = "sha256:491c8be9c040f5390f5bf44a5b07752bd07f56edf992381b05c701439eec10f6", size = 172736 }
wheels = [
    { url = "https://files.pythonhosted.org/packages/13/a3/a812df4e2dd5696d1f351d58b8fe16a405b234ad2886a0dab9183fb78109/pycparser-2.22-py3-none-any.whl", hash = "sha256:c3702b6d3dd8c7abc1afa565d7e63d53a1d0bd86cdc24edd75470f4de499cfcc", size = 117552 },
]

[[package]]
name = "pynacl"
version = "1.5.0"
source = { registry = "https://pypi.org/simple" }
dependencies = [
    { name = "cffi" },
]
sdist = { url = "https://files.pythonhosted.org/packages/a7/22/27582568be639dfe22ddb3902225f91f2f17ceff88ce80e4db396c8986da/PyNaCl-1.5.0.tar.gz", hash = "sha256:8ac7448f09ab85811607bdd21ec2464495ac8b7c66d146bf545b0f08fb9220ba", size = 3392854 }
wheels = [
    { url = "https://files.pythonhosted.org/packages/ce/75/0b8ede18506041c0bf23ac4d8e2971b4161cd6ce630b177d0a08eb0d8857/PyNaCl-1.5.0-cp36-abi3-macosx_10_10_universal2.whl", hash = "sha256:401002a4aaa07c9414132aaed7f6836ff98f59277a234704ff66878c2ee4a0d1", size = 349920 },
    { url = "https://files.pythonhosted.org/packages/59/bb/fddf10acd09637327a97ef89d2a9d621328850a72f1fdc8c08bdf72e385f/PyNaCl-1.5.0-cp36-abi3-manylinux_2_17_aarch64.manylinux2014_aarch64.manylinux_2_24_aarch64.whl", hash = "sha256:52cb72a79269189d4e0dc537556f4740f7f0a9ec41c1322598799b0bdad4ef92", size = 601722 },
    { url = "https://files.pythonhosted.org/packages/5d/70/87a065c37cca41a75f2ce113a5a2c2aa7533be648b184ade58971b5f7ccc/PyNaCl-1.5.0-cp36-abi3-manylinux_2_17_aarch64.manylinux2014_aarch64.whl", hash = "sha256:a36d4a9dda1f19ce6e03c9a784a2921a4b726b02e1c736600ca9c22029474394", size = 680087 },
    { url = "https://files.pythonhosted.org/packages/ee/87/f1bb6a595f14a327e8285b9eb54d41fef76c585a0edef0a45f6fc95de125/PyNaCl-1.5.0-cp36-abi3-manylinux_2_17_x86_64.manylinux2014_x86_64.manylinux_2_24_x86_64.whl", hash = "sha256:0c84947a22519e013607c9be43706dd42513f9e6ae5d39d3613ca1e142fba44d", size = 856678 },
    { url = "https://files.pythonhosted.org/packages/66/28/ca86676b69bf9f90e710571b67450508484388bfce09acf8a46f0b8c785f/PyNaCl-1.5.0-cp36-abi3-manylinux_2_17_x86_64.manylinux2014_x86_64.whl", hash = "sha256:06b8f6fa7f5de8d5d2f7573fe8c863c051225a27b61e6860fd047b1775807858", size = 1133660 },
    { url = "https://files.pythonhosted.org/packages/3d/85/c262db650e86812585e2bc59e497a8f59948a005325a11bbbc9ecd3fe26b/PyNaCl-1.5.0-cp36-abi3-musllinux_1_1_aarch64.whl", hash = "sha256:a422368fc821589c228f4c49438a368831cb5bbc0eab5ebe1d7fac9dded6567b", size = 663824 },
    { url = "https://files.pythonhosted.org/packages/fd/1a/cc308a884bd299b651f1633acb978e8596c71c33ca85e9dc9fa33a5399b9/PyNaCl-1.5.0-cp36-abi3-musllinux_1_1_x86_64.whl", hash = "sha256:61f642bf2378713e2c2e1de73444a3778e5f0a38be6fee0fe532fe30060282ff", size = 1117912 },
    { url = "https://files.pythonhosted.org/packages/25/2d/b7df6ddb0c2a33afdb358f8af6ea3b8c4d1196ca45497dd37a56f0c122be/PyNaCl-1.5.0-cp36-abi3-win32.whl", hash = "sha256:e46dae94e34b085175f8abb3b0aaa7da40767865ac82c928eeb9e57e1ea8a543", size = 204624 },
    { url = "https://files.pythonhosted.org/packages/5e/22/d3db169895faaf3e2eda892f005f433a62db2decbcfbc2f61e6517adfa87/PyNaCl-1.5.0-cp36-abi3-win_amd64.whl", hash = "sha256:20f42270d27e1b6a29f54032090b972d97f0a1b0948cc52392041ef7831fee93", size = 212141 },
]

[[package]]
name = "python-dateutil"
version = "2.9.0.post0"
source = { registry = "https://pypi.org/simple" }
dependencies = [
    { name = "six" },
]
sdist = { url = "https://files.pythonhosted.org/packages/66/c0/0c8b6ad9f17a802ee498c46e004a0eb49bc148f2fd230864601a86dcf6db/python-dateutil-2.9.0.post0.tar.gz", hash = "sha256:37dd54208da7e1cd875388217d5e00ebd4179249f90fb72437e91a35459a0ad3", size = 342432 }
wheels = [
    { url = "https://files.pythonhosted.org/packages/ec/57/56b9bcc3c9c6a792fcbaf139543cee77261f3651ca9da0c93f5c1221264b/python_dateutil-2.9.0.post0-py2.py3-none-any.whl", hash = "sha256:a8b2bc7bffae282281c8140a97d3aa9c14da0b136dfe83f850eea9a5f7470427", size = 229892 },
]

[[package]]
name = "s3transfer"
version = "0.10.4"
source = { registry = "https://pypi.org/simple" }
dependencies = [
    { name = "botocore" },
]
sdist = { url = "https://files.pythonhosted.org/packages/c0/0a/1cdbabf9edd0ea7747efdf6c9ab4e7061b085aa7f9bfc36bb1601563b069/s3transfer-0.10.4.tar.gz", hash = "sha256:29edc09801743c21eb5ecbc617a152df41d3c287f67b615f73e5f750583666a7", size = 145287 }
wheels = [
    { url = "https://files.pythonhosted.org/packages/66/05/7957af15543b8c9799209506df4660cba7afc4cf94bfb60513827e96bed6/s3transfer-0.10.4-py3-none-any.whl", hash = "sha256:244a76a24355363a68164241438de1b72f8781664920260c48465896b712a41e", size = 83175 },
]

[[package]]
name = "six"
version = "1.17.0"
source = { registry = "https://pypi.org/simple" }
sdist = { url = "https://files.pythonhosted.org/packages/94/e7/b2c673351809dca68a0e064b6af791aa332cf192da575fd474ed7d6f16a2/six-1.17.0.tar.gz", hash = "sha256:ff70335d468e7eb6ec65b95b99d3a2836546063f63acc5171de367e834932a81", size = 34031 }
wheels = [
    { url = "https://files.pythonhosted.org/packages/b7/ce/149a00dd41f10bc29e5921b496af8b574d8413afcd5e30dfa0ed46c2cc5e/six-1.17.0-py2.py3-none-any.whl", hash = "sha256:4721f391ed90541fddacab5acf947aa0d3dc7d27b2e1e8eda2be8970586c3274", size = 11050 },
]

[[package]]
name = "stingle-photos-toolkit"
version = "0.1.0"
source = { virtual = "." }
dependencies = [
    { name = "bitarray" },
    { name = "boto3" },
    { name = "libnacl" },
    { name = "mysql-connector-python" },
    { name = "pynacl" },
]

[package.metadata]
requires-dist = [
    { name = "bitarray", specifier = ">=3.0.0" },
    { name = "boto3", specifier = ">=1.35.94" },
    { name = "libnacl", specifier = ">=2.1.0" },
    { name = "mysql-connector-python", specifier = ">=9.1.0" },
    { name = "pynacl", specifier = ">=1.5.0" },
]

[[package]]
name = "urllib3"
version = "2.3.0"
source = { registry = "https://pypi.org/simple" }
sdist = { url = "https://files.pythonhosted.org/packages/aa/63/e53da845320b757bf29ef6a9062f5c669fe997973f966045cb019c3f4b66/urllib3-2.3.0.tar.gz", hash = "sha256:f8c5449b3cf0861679ce7e0503c7b44b5ec981bec0d1d3795a07f1ba96f0204d", size = 307268 }
wheels = [
    { url = "https://files.pythonhosted.org/packages/c8/19/4ec628951a74043532ca2cf5d97b7b14863931476d117c471e8e2b1eb39f/urllib3-2.3.0-py3-none-any.whl", hash = "sha256:1cee9ad369867bfdbbb48b7dd50374c0967a0bb7710050facf0dd6911440e3df", size = 128369 },
]
